github.com/common-nighthawk/go-figure v0.0.0-20200609044655-c4b36f998cf2 h1:tjT4Jp4gxECvsJcYpAMtW2I3YqzBTPuB67OejxXs86s=
github.com/common-nighthawk/go-figure v0.0.0-20200609044655-c4b36f998cf2/go.mod h1:mk5IQ+Y0ZeO87b858TlA645sVcEcbiX6YqP98kt+7+w=
github.com/google/go-cmp v0.5.6 h1:BKbKCqvP6I+rmFHt06ZmyQtvB8xAkWdhFyr0ZUNZcxQ=
github.com/google/go-cmp v0.5.6/go.mod h1:v8dTdLbMG2kIc/vJvl+f65V22dbkXbowE6jgT/gNBxE=
github.com/mmpx12/optionparser v1.0.4 h1:ka3XoO+66BNRv+/9254Z54scHh+69cqAIKyNqmFh+n0=
github.com/mmpx12/optionparser v1.0.4/go.mod h1:0uTIIu3p8sZHYJq/wxSieaTxUVJTWPc0clW25iTMUAs=
github.com/n0madic/twitter-scraper v0.0.0-20220124081915-396358bd501b h1:PghgQXHoClI16yy3Clz59i7E1rY4tYKcnBCHBx/qVGg=
github.com/n0madic/twitter-scraper v0.0.0-20220124081915-396358bd501b/go.mod h1:XvlRCUMh2O/y53T/iiAjlo8rCNRMWxh/wtY3s7rzKME=
golang.org/x/net v0.0.0-20211206223403-eba003a116a9 h1:HhGRSJWlxVO54+s9MeOVrZrbnwv+6oZQIvsUrMUte7U=
golang.org/x/net v0.0.0-20211206223403-eba003a116a9/go.mod h1:9nx3DQGgdP8bBQD5qxJ1jj9UTztislL4KSBs9R2vV5Y=
golang.org/x/sys v0.0.0-20201119102817-f84b799fce68/go.mod h1:h1NjWce9XRLGQEsW7wpKNCjG9DtNlClVuFLEZdDNbEs=
golang.org/x/sys v0.0.0-20210423082822-04245dca01da/go.mod h1:h1NjWce9XRLGQEsW7wpKNCjG9DtNlClVuFLEZdDNbEs=
golang.org/x/term v0.0.0-20201126162022-7de9c90e9dd1/go.mod h1:bj7SfCRtBDWHUb9snDiAeCFNEtKQo2Wmx5Cou7ajbmo=
golang.org/x/text v0.3.6/go.mod h1:5Zoc/QRtKVWzQhOtBMvqHzDpF6irO9z98xDceosuGiQ=
golang.org/x/tools v0.0.0-20180917221912-90fa682c2a6e/go.mod h1:n7NCudcB/nEzxVGmLbDWY5pfWTLqBcC2KZ6jyYvM4mQ=
golang.org/x/xerrors v0.0.0-20191204190536-9bdfabe68543 h1:E7g+9GITq07hpfrRu66IVDexMakfv52eLZ2CXBWiKr4=
golang.org/x/xerrors v0.0.0-20191204190536-9bdfabe68543/go.mod h1:I/5z698sn9Ka8TeJc9MKroUUfqBBauWjQqLJ2OPfmY0=
